<Solution>
  <Folder Name="/src/">
    <Project Path="src/Lex.V3.Api/Lex.V3.Api.csproj" />
    <Project Path="src/Lex.V3.Artifacts/Lex.V3.Artifacts.csproj" />
    <Project Path="src/Lex.V3.ContractTool/Lex.V3.ContractTool.csproj" />
    <Project Path="src/Lex.V3.Contracts/Lex.V3.Contracts.csproj" />
    <Project Path="src/Lex.V3.Custody.Azure/Lex.V3.Custody.Azure.csproj" />
    <Project Path="src/Lex.V3.Preview/Lex.V3.Preview.csproj" />
  </Folder>
  <Folder Name="/tests/">
    <Project Path="tests/Lex.V3.Tests/Lex.V3.Tests.csproj" />
  </Folder>
</Solution>
